
Microsoft Visual Studio Solution File, Format Version 12.00
# Visual Studio Version 16
VisualStudioVersion = 16.0.30503.244
MinimumVisualStudioVersion = 10.0.40219.1
Project("{8BC9CEB8-8B4A-11D0-8D11-00A0C91BC942}") = "TestAppServiceSandwich", "TestAppServiceSandwich\TestAppServiceSandwich.vcxproj", "{64F433B9-C760-4B25-9FD4-50BF703D1B60}"
EndProject
Project("{8BC9CEB8-8B4A-11D0-8D11-00A0C91BC942}") = "AppServiceSandwich", "AppServiceSandwich\AppServiceSandwich.vcxitems", "{46073FDA-D1F0-492A-9067-EFC5AC272E33}"
EndProject
Project("{8BC9CEB8-8B4A-11D0-8D11-00A0C91BC942}") = "AppServiceSandwichLib", "AppServiceSandwichLib\AppServiceSandwichLib.vcxproj", "{00E14769-860E-4F44-9B7D-2733FF5ADE62}"
EndProject
Global
	GlobalSection(SharedMSBuildProjectFiles) = preSolution
		AppServiceSandwich\AppServiceSandwich.vcxitems*{00e14769-860e-4f44-9b7d-2733ff5ade62}*SharedItemsImports = 4
		AppServiceSandwich\AppServiceSandwich.vcxitems*{46073fda-d1f0-492a-9067-efc5ac272e33}*SharedItemsImports = 9
	EndGlobalSection
	GlobalSection(SolutionConfigurationPlatforms) = preSolution
		Debug|x64 = Debug|x64
		Debug|x86 = Debug|x86
		MT|x64 = MT|x64
		MT|x86 = MT|x86
		MTd|x64 = MTd|x64
		MTd|x86 = MTd|x86
		Release|x64 = Release|x64
		Release|x86 = Release|x86
	EndGlobalSection
	GlobalSection(ProjectConfigurationPlatforms) = postSolution
		{64F433B9-C760-4B25-9FD4-50BF703D1B60}.Debug|x64.ActiveCfg = Debug|x64
		{64F433B9-C760-4B25-9FD4-50BF703D1B60}.Debug|x64.Build.0 = Debug|x64
		{64F433B9-C760-4B25-9FD4-50BF703D1B60}.Debug|x86.ActiveCfg = Debug|Win32
		{64F433B9-C760-4B25-9FD4-50BF703D1B60}.Debug|x86.Build.0 = Debug|Win32
		{64F433B9-C760-4B25-9FD4-50BF703D1B60}.MT|x64.ActiveCfg = MT|x64
		{64F433B9-C760-4B25-9FD4-50BF703D1B60}.MT|x64.Build.0 = MT|x64
		{64F433B9-C760-4B25-9FD4-50BF703D1B60}.MT|x86.ActiveCfg = MT|Win32
		{64F433B9-C760-4B25-9FD4-50BF703D1B60}.MT|x86.Build.0 = MT|Win32
		{64F433B9-C760-4B25-9FD4-50BF703D1B60}.MTd|x64.ActiveCfg = MTd|x64
		{64F433B9-C760-4B25-9FD4-50BF703D1B60}.MTd|x64.Build.0 = MTd|x64
		{64F433B9-C760-4B25-9FD4-50BF703D1B60}.MTd|x86.ActiveCfg = MTd|Win32
		{64F433B9-C760-4B25-9FD4-50BF703D1B60}.MTd|x86.Build.0 = MTd|Win32
		{64F433B9-C760-4B25-9FD4-50BF703D1B60}.Release|x64.ActiveCfg = Release|x64
		{64F433B9-C760-4B25-9FD4-50BF703D1B60}.Release|x64.Build.0 = Release|x64
		{64F433B9-C760-4B25-9FD4-50BF703D1B60}.Release|x86.ActiveCfg = Release|Win32
		{64F433B9-C760-4B25-9FD4-50BF703D1B60}.Release|x86.Build.0 = Release|Win32
		{00E14769-860E-4F44-9B7D-2733FF5ADE62}.Debug|x64.ActiveCfg = Debug|x64
		{00E14769-860E-4F44-9B7D-2733FF5ADE62}.Debug|x64.Build.0 = Debug|x64
		{00E14769-860E-4F44-9B7D-2733FF5ADE62}.Debug|x86.ActiveCfg = Debug|Win32
		{00E14769-860E-4F44-9B7D-2733FF5ADE62}.Debug|x86.Build.0 = Debug|Win32
		{00E14769-860E-4F44-9B7D-2733FF5ADE62}.MT|x64.ActiveCfg = MT|x64
		{00E14769-860E-4F44-9B7D-2733FF5ADE62}.MT|x64.Build.0 = MT|x64
		{00E14769-860E-4F44-9B7D-2733FF5ADE62}.MT|x86.ActiveCfg = MT|Win32
		{00E14769-860E-4F44-9B7D-2733FF5ADE62}.MT|x86.Build.0 = MT|Win32
		{00E14769-860E-4F44-9B7D-2733FF5ADE62}.MTd|x64.ActiveCfg = MTd|x64
		{00E14769-860E-4F44-9B7D-2733FF5ADE62}.MTd|x64.Build.0 = MTd|x64
		{00E14769-860E-4F44-9B7D-2733FF5ADE62}.MTd|x86.ActiveCfg = MTd|Win32
		{00E14769-860E-4F44-9B7D-2733FF5ADE62}.MTd|x86.Build.0 = MTd|Win32
		{00E14769-860E-4F44-9B7D-2733FF5ADE62}.Release|x64.ActiveCfg = Release|x64
		{00E14769-860E-4F44-9B7D-2733FF5ADE62}.Release|x64.Build.0 = Release|x64
		{00E14769-860E-4F44-9B7D-2733FF5ADE62}.Release|x86.ActiveCfg = Release|Win32
		{00E14769-860E-4F44-9B7D-2733FF5ADE62}.Release|x86.Build.0 = Release|Win32
	EndGlobalSection
	GlobalSection(SolutionProperties) = preSolution
		HideSolutionNode = FALSE
	EndGlobalSection
	GlobalSection(ExtensibilityGlobals) = postSolution
		SolutionGuid = {27CFD2A4-E7D3-444D-86F7-22175D8C0096}
	EndGlobalSection
EndGlobal
