<?xml version="1.0" encoding="utf-8"?>
<Project ToolsVersion="4.0" xmlns="http://schemas.microsoft.com/developer/msbuild/2003">
  <ItemGroup>
    <Filter Include="Source Files">
      <UniqueIdentifier>{4FC737F1-C7A5-4376-A066-2A32D752A2FF}</UniqueIdentifier>
      <Extensions>cpp;c;cc;cxx;def;odl;idl;hpj;bat;asm;asmx</Extensions>
    </Filter>
    <Filter Include="Header Files">
      <UniqueIdentifier>{93995380-89BD-4b04-88EB-625FBE52EBFB}</UniqueIdentifier>
      <Extensions>h;hh;hpp;hxx;hm;inl;inc;xsd</Extensions>
    </Filter>
    <Filter Include="Resource Files">
      <UniqueIdentifier>{67DA6AB6-F800-4c08-8B7A-83BB121AAD01}</UniqueIdentifier>
      <Extensions>rc;ico;cur;bmp;dlg;rc2;rct;bin;rgs;gif;jpg;jpeg;jpe;resx;tiff;tif;png;wav;mfcribbon-ms</Extensions>
    </Filter>
    <Filter Include="Header Files\Models">
      <UniqueIdentifier>{18ffdb3a-6f25-4017-9279-da355d4917f1}</UniqueIdentifier>
    </Filter>
    <Filter Include="Header Files\Win32">
      <UniqueIdentifier>{39bf6b32-a350-41b0-8d51-b983b3774d19}</UniqueIdentifier>
    </Filter>
    <Filter Include="Source Files\Models">
      <UniqueIdentifier>{e6a5ec48-0d38-4e7b-96f8-99b92b8a7d58}</UniqueIdentifier>
    </Filter>
    <Filter Include="Source Files\Win32">
      <UniqueIdentifier>{52d8617e-4080-48c5-9402-f3cdf79dc89c}</UniqueIdentifier>
    </Filter>
  </ItemGroup>
  <ItemGroup>
    <ClInclude Include="ApplicationServices.hpp">
      <Filter>Header Files</Filter>
    </ClInclude>
    <ClInclude Include="Console.hpp">
      <Filter>Header Files</Filter>
    </ClInclude>
    <ClInclude Include="DependencyManager.hpp">
      <Filter>Header Files</Filter>
    </ClInclude>
    <ClInclude Include="DirectoryChangeReader.hpp">
      <Filter>Header Files</Filter>
    </ClInclude>
    <ClInclude Include="DirectoryChangeService.hpp">
      <Filter>Header Files</Filter>
    </ClInclude>
    <ClInclude Include="FileTimestampQuery.hpp">
      <Filter>Header Files</Filter>
    </ClInclude>
    <ClInclude Include="ITimestampingService.hpp">
      <Filter>Header Files</Filter>
    </ClInclude>
    <ClInclude Include="ResourceManager.hpp">
      <Filter>Header Files</Filter>
    </ClInclude>
    <ClInclude Include="ChangeInformation.hpp">
      <Filter>Header Files\Models</Filter>
    </ClInclude>
    <ClInclude Include="ResourcePath.hpp">
      <Filter>Header Files\Models</Filter>
    </ClInclude>
    <ClInclude Include="Win32TimestampingService.hpp">
      <Filter>Header Files\Win32</Filter>
    </ClInclude>
    <ClInclude Include="Win32DefaultConsoleDriver.hpp">
      <Filter>Header Files\Win32</Filter>
    </ClInclude>
    <ClInclude Include="Win32MessageBoxConsoleDriver.hpp">
      <Filter>Header Files\Win32</Filter>
    </ClInclude>
  </ItemGroup>
  <ItemGroup>
    <ClCompile Include="Console.cpp">
      <Filter>Source Files</Filter>
    </ClCompile>
    <ClCompile Include="DirectoryChangeReader.cpp">
      <Filter>Source Files</Filter>
    </ClCompile>
    <ClCompile Include="DirectoryChangeService.cpp">
      <Filter>Source Files</Filter>
    </ClCompile>
    <ClCompile Include="ResourceManager.cpp">
      <Filter>Source Files</Filter>
    </ClCompile>
    <ClCompile Include="ResourcePath.cpp">
      <Filter>Source Files\Models</Filter>
    </ClCompile>
    <ClCompile Include="ChangeInformation.cpp">
      <Filter>Source Files\Models</Filter>
    </ClCompile>
    <ClCompile Include="Win32DefaultConsoleDriver.cpp">
      <Filter>Source Files\Win32</Filter>
    </ClCompile>
    <ClCompile Include="Win32MessageBoxConsoleDriver.cpp">
      <Filter>Source Files\Win32</Filter>
    </ClCompile>
    <ClCompile Include="Win32TimestampingService.cpp">
      <Filter>Source Files\Win32</Filter>
    </ClCompile>
    <ClCompile Include="FileTimestampQuery.cpp">
      <Filter>Source Files\Win32</Filter>
    </ClCompile>
  </ItemGroup>
</Project>